// !$*UTF8*$!
{
	archiveVersion = 1;
	classes = {
	};
	objectVersion = 50;
	objects = {

/* Begin PBXBuildFile section */
		2986E2CF21104B0500991D8D /* AppDelegate.swift in Sources */ = {isa = PBXBuildFile; fileRef = 2986E2CE21104B0500991D8D /* AppDelegate.swift */; };
		2986E2D121104B0500991D8D /* ViewController.swift in Sources */ = {isa = PBXBuildFile; fileRef = 2986E2D021104B0500991D8D /* ViewController.swift */; };
		2986E2D421104B0500991D8D /* Main.storyboard in Resources */ = {isa = PBXBuildFile; fileRef = 2986E2D221104B0500991D8D /* Main.storyboard */; };
		2986E2D621104B0700991D8D /* Assets.xcassets in Resources */ = {isa = PBXBuildFile; fileRef = 2986E2D521104B0700991D8D /* Assets.xcassets */; };
		2986E2D921104B0700991D8D /* LaunchScreen.storyboard in Resources */ = {isa = PBXBuildFile; fileRef = 2986E2D721104B0700991D8D /* LaunchScreen.storyboard */; };
		2986E2E221104B3500991D8D /* tutorial.storyboard in Resources */ = {isa = PBXBuildFile; fileRef = 2986E2E121104B3500991D8D /* tutorial.storyboard */; };
		2986E2E421104B4F00991D8D /* TutorialSliderViewController.swift in Sources */ = {isa = PBXBuildFile; fileRef = 2986E2E321104B4F00991D8D /* TutorialSliderViewController.swift */; };
		2986E2E621104B7200991D8D /* LastSliderViewController.swift in Sources */ = {isa = PBXBuildFile; fileRef = 2986E2E521104B7200991D8D /* LastSliderViewController.swift */; };
		49251631C4D8B0FBD0A2B039 /* Pods_ImageSlider.framework in Frameworks */ = {isa = PBXBuildFile; fileRef = EBED2C59794717D4765C1AC5 /* Pods_ImageSlider.framework */; };
/* End PBXBuildFile section */

/* Begin PBXFileReference section */
		2986E2CB21104B0500991D8D /* ImageSlider.app */ = {isa = PBXFileReference; explicitFileType = wrapper.application; includeInIndex = 0; path = ImageSlider.app; sourceTree = BUILT_PRODUCTS_DIR; };
		2986E2CE21104B0500991D8D /* AppDelegate.swift */ = {isa = PBXFileReference; lastKnownFileType = sourcecode.swift; path = AppDelegate.swift; sourceTree = "<group>"; };
		2986E2D021104B0500991D8D /* ViewController.swift */ = {isa = PBXFileReference; lastKnownFileType = sourcecode.swift; path = ViewController.swift; sourceTree = "<group>"; };
		2986E2D321104B0500991D8D /* Base */ = {isa = PBXFileReference; lastKnownFileType = file.storyboard; name = Base; path = Base.lproj/Main.storyboard; sourceTree = "<group>"; };
		2986E2D521104B0700991D8D /* Assets.xcassets */ = {isa = PBXFileReference; lastKnownFileType = folder.assetcatalog; path = Assets.xcassets; sourceTree = "<group>"; };
		2986E2D821104B0700991D8D /* Base */ = {isa = PBXFileReference; lastKnownFileType = file.storyboard; name = Base; path = Base.lproj/LaunchScreen.storyboard; sourceTree = "<group>"; };
		2986E2DA21104B0700991D8D /* Info.plist */ = {isa = PBXFileReference; lastKnownFileType = text.plist.xml; path = Info.plist; sourceTree = "<group>"; };
		2986E2E121104B3500991D8D /* tutorial.storyboard */ = {isa = PBXFileReference; lastKnownFileType = file.storyboard; path = tutorial.storyboard; sourceTree = "<group>"; };
		2986E2E321104B4F00991D8D /* TutorialSliderViewController.swift */ = {isa = PBXFileReference; lastKnownFileType = sourcecode.swift; path = TutorialSliderViewController.swift; sourceTree = "<group>"; };
		2986E2E521104B7200991D8D /* LastSliderViewController.swift */ = {isa = PBXFileReference; lastKnownFileType = sourcecode.swift; path = LastSliderViewController.swift; sourceTree = "<group>"; };
		36595DD912D41ACECA87970F /* Pods-ImageSlider.release.xcconfig */ = {isa = PBXFileReference; includeInIndex = 1; lastKnownFileType = text.xcconfig; name = "Pods-ImageSlider.release.xcconfig"; path = "Pods/Target Support Files/Pods-ImageSlider/Pods-ImageSlider.release.xcconfig"; sourceTree = "<group>"; };
		4A9339DD253A6648D5C21C05 /* Pods-ImageSlider.debug.xcconfig */ = {isa = PBXFileReference; includeInIndex = 1; lastKnownFileType = text.xcconfig; name = "Pods-ImageSlider.debug.xcconfig"; path = "Pods/Target Support Files/Pods-ImageSlider/Pods-ImageSlider.debug.xcconfig"; sourceTree = "<group>"; };
		EBED2C59794717D4765C1AC5 /* Pods_ImageSlider.framework */ = {isa = PBXFileReference; explicitFileType = wrapper.framework; includeInIndex = 0; path = Pods_ImageSlider.framework; sourceTree = BUILT_PRODUCTS_DIR; };
/* End PBXFileReference section */

/* Begin PBXFrameworksBuildPhase section */
		2986E2C821104B0500991D8D /* Frameworks */ = {
			isa = PBXFrameworksBuildPhase;
			buildActionMask = 2147483647;
			files = (
				49251631C4D8B0FBD0A2B039 /* Pods_ImageSlider.framework in Frameworks */,
			);
			runOnlyForDeploymentPostprocessing = 0;
		};
/* End PBXFrameworksBuildPhase section */

/* Begin PBXGroup section */
		2986E2C221104B0500991D8D = {
			isa = PBXGroup;
			children = (
				2986E2CD21104B0500991D8D /* ImageSlider */,
				2986E2CC21104B0500991D8D /* Products */,
				78AAB9E7AF63904CFFE236EC /* Pods */,
				F6F5BF241D6954516B8E1166 /* Frameworks */,
			);
			sourceTree = "<group>";
		};
		2986E2CC21104B0500991D8D /* Products */ = {
			isa = PBXGroup;
			children = (
				2986E2CB21104B0500991D8D /* ImageSlider.app */,
			);
			name = Products;
			sourceTree = "<group>";
		};
		2986E2CD21104B0500991D8D /* ImageSlider */ = {
			isa = PBXGroup;
			children = (
				2986E2E021104B1700991D8D /* Slider */,
				2986E2CE21104B0500991D8D /* AppDelegate.swift */,
				2986E2D021104B0500991D8D /* ViewController.swift */,
				2986E2D221104B0500991D8D /* Main.storyboard */,
				2986E2D521104B0700991D8D /* Assets.xcassets */,
				2986E2D721104B0700991D8D /* LaunchScreen.storyboard */,
				2986E2DA21104B0700991D8D /* Info.plist */,
			);
			path = ImageSlider;
			sourceTree = "<group>";
		};
		2986E2E021104B1700991D8D /* Slider */ = {
			isa = PBXGroup;
			children = (
				2986E2E121104B3500991D8D /* tutorial.storyboard */,
				2986E2E321104B4F00991D8D /* TutorialSliderViewController.swift */,
				2986E2E521104B7200991D8D /* LastSliderViewController.swift */,
			);
			path = Slider;
			sourceTree = "<group>";
		};
		78AAB9E7AF63904CFFE236EC /* Pods */ = {
			isa = PBXGroup;
			children = (
				4A9339DD253A6648D5C21C05 /* Pods-ImageSlider.debug.xcconfig */,
				36595DD912D41ACECA87970F /* Pods-ImageSlider.release.xcconfig */,
			);
			name = Pods;
			sourceTree = "<group>";
		};
		F6F5BF241D6954516B8E1166 /* Frameworks */ = {
			isa = PBXGroup;
			children = (
				EBED2C59794717D4765C1AC5 /* Pods_ImageSlider.framework */,
			);
			name = Frameworks;
			sourceTree = "<group>";
		};
/* End PBXGroup section */

/* Begin PBXNativeTarget section */
		2986E2CA21104B0500991D8D /* ImageSlider */ = {
			isa = PBXNativeTarget;
			buildConfigurationList = 2986E2DD21104B0700991D8D /* Build configuration list for PBXNativeTarget "ImageSlider" */;
			buildPhases = (
				E31567CD97B428534D044CEF /* [CP] Check Pods Manifest.lock */,
				2986E2C721104B0500991D8D /* Sources */,
				2986E2C821104B0500991D8D /* Frameworks */,
				2986E2C921104B0500991D8D /* Resources */,
				444CEF7E5935B880432AAF8D /* [CP] Embed Pods Frameworks */,
				ECD4028E65A1074F46DEDC50 /* [CP] Copy Pods Resources */,
			);
			buildRules = (
			);
			dependencies = (
			);
			name = ImageSlider;
			productName = ImageSlider;
			productReference = 2986E2CB21104B0500991D8D /* ImageSlider.app */;
			productType = "com.apple.product-type.application";
		};
/* End PBXNativeTarget section */

/* Begin PBXProject section */
		2986E2C321104B0500991D8D /* Project object */ = {
			isa = PBXProject;
			attributes = {
				LastSwiftUpdateCheck = 0930;
				LastUpgradeCheck = 0930;
				ORGANIZATIONNAME = metakave;
				TargetAttributes = {
					2986E2CA21104B0500991D8D = {
						CreatedOnToolsVersion = 9.3.1;
					};
				};
			};
			buildConfigurationList = 2986E2C621104B0500991D8D /* Build configuration list for PBXProject "ImageSlider" */;
			compatibilityVersion = "Xcode 9.3";
			developmentRegion = en;
			hasScannedForEncodings = 0;
			knownRegions = (
				en,
				Base,
			);
			mainGroup = 2986E2C221104B0500991D8D;
			productRefGroup = 2986E2CC21104B0500991D8D /* Products */;
			projectDirPath = "";
			projectRoot = "";
			targets = (
				2986E2CA21104B0500991D8D /* ImageSlider */,
			);
		};
/* End PBXProject section */

/* Begin PBXResourcesBuildPhase section */
		2986E2C921104B0500991D8D /* Resources */ = {
			isa = PBXResourcesBuildPhase;
			buildActionMask = 2147483647;
			files = (
				2986E2D921104B0700991D8D /* LaunchScreen.storyboard in Resources */,
				2986E2D621104B0700991D8D /* Assets.xcassets in Resources */,
				2986E2E221104B3500991D8D /* tutorial.storyboard in Resources */,
				2986E2D421104B0500991D8D /* Main.storyboard in Resources */,
			);
			runOnlyForDeploymentPostprocessing = 0;
		};
/* End PBXResourcesBuildPhase section */

/* Begin PBXShellScriptBuildPhase section */
		444CEF7E5935B880432AAF8D /* [CP] Embed Pods Frameworks */ = {
			isa = PBXShellScriptBuildPhase;
			buildActionMask = 2147483647;
			files = (
			);
			inputPaths = (
				"${SRCROOT}/Pods/Target Support Files/Pods-ImageSlider/Pods-ImageSlider-frameworks.sh",
				"${BUILT_PRODUCTS_DIR}/CHIPageControl/CHIPageControl.framework",
			);
			name = "[CP] Embed Pods Frameworks";
			outputPaths = (
				"${TARGET_BUILD_DIR}/${FRAMEWORKS_FOLDER_PATH}/CHIPageControl.framework",
			);
			runOnlyForDeploymentPostprocessing = 0;
			shellPath = /bin/sh;
			shellScript = "\"${SRCROOT}/Pods/Target Support Files/Pods-ImageSlider/Pods-ImageSlider-frameworks.sh\"\n";
			showEnvVarsInLog = 0;
		};
		E31567CD97B428534D044CEF /* [CP] Check Pods Manifest.lock */ = {
			isa = PBXShellScriptBuildPhase;
			buildActionMask = 2147483647;
			files = (
			);
			inputPaths = (
				"${PODS_PODFILE_DIR_PATH}/Podfile.lock",
				"${PODS_ROOT}/Manifest.lock",
			);
			name = "[CP] Check Pods Manifest.lock";
			outputPaths = (
				"$(DERIVED_FILE_DIR)/Pods-ImageSlider-checkManifestLockResult.txt",
			);
			runOnlyForDeploymentPostprocessing = 0;
			shellPath = /bin/sh;
			shellScript = "diff \"${PODS_PODFILE_DIR_PATH}/Podfile.lock\" \"${PODS_ROOT}/Manifest.lock\" > /dev/null\nif [ $? != 0 ] ; then\n    # print error to STDERR\n    echo \"error: The sandbox is not in sync with the Podfile.lock. Run 'pod install' or update your CocoaPods installation.\" >&2\n    exit 1\nfi\n# This output is used by Xcode 'outputs' to avoid re-running this script phase.\necho \"SUCCESS\" > \"${SCRIPT_OUTPUT_FILE_0}\"\n";
			showEnvVarsInLog = 0;
		};
		ECD4028E65A1074F46DEDC50 /* [CP] Copy Pods Resources */ = {
			isa = PBXShellScriptBuildPhase;
			buildActionMask = 2147483647;
			files = (
			);
			inputPaths = (
			);
			name = "[CP] Copy Pods Resources";
			outputPaths = (
			);
			runOnlyForDeploymentPostprocessing = 0;
			shellPath = /bin/sh;
			shellScript = "\"${SRCROOT}/Pods/Target Support Files/Pods-ImageSlider/Pods-ImageSlider-resources.sh\"\n";
			showEnvVarsInLog = 0;
		};
/* End PBXShellScriptBuildPhase section */

/* Begin PBXSourcesBuildPhase section */
		2986E2C721104B0500991D8D /* Sources */ = {
			isa = PBXSourcesBuildPhase;
			buildActionMask = 2147483647;
			files = (
				2986E2D121104B0500991D8D /* ViewController.swift in Sources */,
				2986E2E421104B4F00991D8D /* TutorialSliderViewController.swift in Sources */,
				2986E2CF21104B0500991D8D /* AppDelegate.swift in Sources */,
				2986E2E621104B7200991D8D /* LastSliderViewController.swift in Sources */,
			);
			runOnlyForDeploymentPostprocessing = 0;
		};
/* End PBXSourcesBuildPhase section */

/* Begin PBXVariantGroup section */
		2986E2D221104B0500991D8D /* Main.storyboard */ = {
			isa = PBXVariantGroup;
			children = (
				2986E2D321104B0500991D8D /* Base */,
			);
			name = Main.storyboard;
			sourceTree = "<group>";
		};
		2986E2D721104B0700991D8D /* LaunchScreen.storyboard */ = {
			isa = PBXVariantGroup;
			children = (
				2986E2D821104B0700991D8D /* Base */,
			);
			name = LaunchScreen.storyboard;
			sourceTree = "<group>";
		};
/* End PBXVariantGroup section */

/* Begin XCBuildConfiguration section */
		2986E2DB21104B0700991D8D /* Debug */ = {
			isa = XCBuildConfiguration;
			buildSettings = {
				ALWAYS_SEARCH_USER_PATHS = NO;
				CLANG_ANALYZER_NONNULL = YES;
				CLANG_ANALYZER_NUMBER_OBJECT_CONVERSION = YES_AGGRESSIVE;
				CLANG_CXX_LANGUAGE_STANDARD = "gnu++14";
				CLANG_CXX_LIBRARY = "libc++";
				CLANG_ENABLE_MODULES = YES;
				CLANG_ENABLE_OBJC_ARC = YES;
				CLANG_ENABLE_OBJC_WEAK = YES;
				CLANG_WARN_BLOCK_CAPTURE_AUTORELEASING = YES;
				CLANG_WARN_BOOL_CONVERSION = YES;
				CLANG_WARN_COMMA = YES;
				CLANG_WARN_CONSTANT_CONVERSION = YES;
				CLANG_WARN_DEPRECATED_OBJC_IMPLEMENTATIONS = YES;
				CLANG_WARN_DIRECT_OBJC_ISA_USAGE = YES_ERROR;
				CLANG_WARN_DOCUMENTATION_COMMENTS = YES;
				CLANG_WARN_EMPTY_BODY = YES;
				CLANG_WARN_ENUM_CONVERSION = YES;
				CLANG_WARN_INFINITE_RECURSION = YES;
				CLANG_WARN_INT_CONVERSION = YES;
				CLANG_WARN_NON_LITERAL_NULL_CONVERSION = YES;
				CLANG_WARN_OBJC_IMPLICIT_RETAIN_SELF = YES;
				CLANG_WARN_OBJC_LITERAL_CONVERSION = YES;
				CLANG_WARN_OBJC_ROOT_CLASS = YES_ERROR;
				CLANG_WARN_RANGE_LOOP_ANALYSIS = YES;
				CLANG_WARN_STRICT_PROTOTYPES = YES;
				CLANG_WARN_SUSPICIOUS_MOVE = YES;
				CLANG_WARN_UNGUARDED_AVAILABILITY = YES_AGGRESSIVE;
				CLANG_WARN_UNREACHABLE_CODE = YES;
				CLANG_WARN__DUPLICATE_METHOD_MATCH = YES;
				CODE_SIGN_IDENTITY = "iPhone Developer";
				COPY_PHASE_STRIP = NO;
				DEBUG_INFORMATION_FORMAT = dwarf;
				ENABLE_STRICT_OBJC_MSGSEND = YES;
				ENABLE_TESTABILITY = YES;
				GCC_C_LANGUAGE_STANDARD = gnu11;
				GCC_DYNAMIC_NO_PIC = NO;
				GCC_NO_COMMON_BLOCKS = YES;
				GCC_OPTIMIZATION_LEVEL = 0;
				GCC_PREPROCESSOR_DEFINITIONS = (
					"DEBUG=1",
					"$(inherited)",
				);
				GCC_WARN_64_TO_32_BIT_CONVERSION = YES;
				GCC_WARN_ABOUT_RETURN_TYPE = YES_ERROR;
				GCC_WARN_UNDECLARED_SELECTOR = YES;
				GCC_WARN_UNINITIALIZED_AUTOS = YES_AGGRESSIVE;
				GCC_WARN_UNUSED_FUNCTION = YES;
				GCC_WARN_UNUSED_VARIABLE = YES;
				IPHONEOS_DEPLOYMENT_TARGET = 11.3;
				MTL_ENABLE_DEBUG_INFO = YES;
				ONLY_ACTIVE_ARCH = YES;
				SDKROOT = iphoneos;
				SWIFT_ACTIVE_COMPILATION_CONDITIONS = DEBUG;
				SWIFT_OPTIMIZATION_LEVEL = "-Onone";
			};
			name = Debug;
		};
		2986E2DC21104B0700991D8D /* Release */ = {
			isa = XCBuildConfiguration;
			buildSettings = {
				ALWAYS_SEARCH_USER_PATHS = NO;
				CLANG_ANALYZER_NONNULL = YES;
				CLANG_ANALYZER_NUMBER_OBJECT_CONVERSION = YES_AGGRESSIVE;
				CLANG_CXX_LANGUAGE_STANDARD = "gnu++14";
				CLANG_CXX_LIBRARY = "libc++";
				CLANG_ENABLE_MODULES = YES;
				CLANG_ENABLE_OBJC_ARC = YES;
				CLANG_ENABLE_OBJC_WEAK = YES;
				CLANG_WARN_BLOCK_CAPTURE_AUTORELEASING = YES;
				CLANG_WARN_BOOL_CONVERSION = YES;
				CLANG_WARN_COMMA = YES;
				CLANG_WARN_CONSTANT_CONVERSION = YES;
				CLANG_WARN_DEPRECATED_OBJC_IMPLEMENTATIONS = YES;
				CLANG_WARN_DIRECT_OBJC_ISA_USAGE = YES_ERROR;
				CLANG_WARN_DOCUMENTATION_COMMENTS = YES;
				CLANG_WARN_EMPTY_BODY = YES;
				CLANG_WARN_ENUM_CONVERSION = YES;
				CLANG_WARN_INFINITE_RECURSION = YES;
				CLANG_WARN_INT_CONVERSION = YES;
				CLANG_WARN_NON_LITERAL_NULL_CONVERSION = YES;
				CLANG_WARN_OBJC_IMPLICIT_RETAIN_SELF = YES;
				CLANG_WARN_OBJC_LITERAL_CONVERSION = YES;
				CLANG_WARN_OBJC_ROOT_CLASS = YES_ERROR;
				CLANG_WARN_RANGE_LOOP_ANALYSIS = YES;
				CLANG_WARN_STRICT_PROTOTYPES = YES;
				CLANG_WARN_SUSPICIOUS_MOVE = YES;
				CLANG_WARN_UNGUARDED_AVAILABILITY = YES_AGGRESSIVE;
				CLANG_WARN_UNREACHABLE_CODE = YES;
				CLANG_WARN__DUPLICATE_METHOD_MATCH = YES;
				CODE_SIGN_IDENTITY = "iPhone Developer";
				COPY_PHASE_STRIP = NO;
				DEBUG_INFORMATION_FORMAT = "dwarf-with-dsym";
				ENABLE_NS_ASSERTIONS = NO;
				ENABLE_STRICT_OBJC_MSGSEND = YES;
				GCC_C_LANGUAGE_STANDARD = gnu11;
				GCC_NO_COMMON_BLOCKS = YES;
				GCC_WARN_64_TO_32_BIT_CONVERSION = YES;
				GCC_WARN_ABOUT_RETURN_TYPE = YES_ERROR;
				GCC_WARN_UNDECLARED_SELECTOR = YES;
				GCC_WARN_UNINITIALIZED_AUTOS = YES_AGGRESSIVE;
				GCC_WARN_UNUSED_FUNCTION = YES;
				GCC_WARN_UNUSED_VARIABLE = YES;
				IPHONEOS_DEPLOYMENT_TARGET = 11.3;
				MTL_ENABLE_DEBUG_INFO = NO;
				SDKROOT = iphoneos;
				SWIFT_COMPILATION_MODE = wholemodule;
				SWIFT_OPTIMIZATION_LEVEL = "-O";
				VALIDATE_PRODUCT = YES;
			};
			name = Release;
		};
		2986E2DE21104B0700991D8D /* Debug */ = {
			isa = XCBuildConfiguration;
			baseConfigurationReference = 4A9339DD253A6648D5C21C05 /* Pods-ImageSlider.debug.xcconfig */;
			buildSettings = {
				ASSETCATALOG_COMPILER_APPICON_NAME = AppIcon;
				CODE_SIGN_STYLE = Automatic;
				DEVELOPMENT_TEAM = 93K4UUF554;
				INFOPLIST_FILE = ImageSlider/Info.plist;
				LD_RUNPATH_SEARCH_PATHS = (
					"$(inherited)",
					"@executable_path/Frameworks",
				);
				PRODUCT_BUNDLE_IDENTIFIER = rashed.com.ImageSlider;
				PRODUCT_NAME = "$(TARGET_NAME)";
				SWIFT_VERSION = 4.0;
				TARGETED_DEVICE_FAMILY = "1,2";
			};
			name = Debug;
		};
		2986E2DF21104B0700991D8D /* Release */ = {
			isa = XCBuildConfiguration;
			baseConfigurationReference = 36595DD912D41ACECA87970F /* Pods-ImageSlider.release.xcconfig */;
			buildSettings = {
				ASSETCATALOG_COMPILER_APPICON_NAME = AppIcon;
				CODE_SIGN_STYLE = Automatic;
				DEVELOPMENT_TEAM = 93K4UUF554;
				INFOPLIST_FILE = ImageSlider/Info.plist;
				LD_RUNPATH_SEARCH_PATHS = (
					"$(inherited)",
					"@executable_path/Frameworks",
				);
				PRODUCT_BUNDLE_IDENTIFIER = rashed.com.ImageSlider;
				PRODUCT_NAME = "$(TARGET_NAME)";
				SWIFT_VERSION = 4.0;
				TARGETED_DEVICE_FAMILY = "1,2";
			};
			name = Release;
		};
/* End XCBuildConfiguration section */

/* Begin XCConfigurationList section */
		2986E2C621104B0500991D8D /* Build configuration list for PBXProject "ImageSlider" */ = {
			isa = XCConfigurationList;
			buildConfigurations = (
				2986E2DB21104B0700991D8D /* Debug */,
				2986E2DC21104B0700991D8D /* Release */,
			);
			defaultConfigurationIsVisible = 0;
			defaultConfigurationName = Release;
		};
		2986E2DD21104B0700991D8D /* Build configuration list for PBXNativeTarget "ImageSlider" */ = {
			isa = XCConfigurationList;
			buildConfigurations = (
				2986E2DE21104B0700991D8D /* Debug */,
				2986E2DF21104B0700991D8D /* Release */,
			);
			defaultConfigurationIsVisible = 0;
			defaultConfigurationName = Release;
		};
/* End XCConfigurationList section */
	};
	rootObject = 2986E2C321104B0500991D8D /* Project object */;
}
